
Microsoft Visual Studio Solution File, Format Version 12.00
# Visual Studio Version 17
VisualStudioVersion = 17.5.33414.496
MinimumVisualStudioVersion = 10.0.40219.1
Project("{2150E333-8FDC-42A3-9474-1A3956D46DE8}") = "src", "src", "{EAFF0252-C873-452F-8B72-7D269685598E}"
EndProject
Project("{2150E333-8FDC-42A3-9474-1A3956D46DE8}") = "test", "test", "{86CCF867-FBAB-4C72-966B-FC074FBDDF7D}"
EndProject
Project("{2150E333-8FDC-42A3-9474-1A3956D46DE8}") = "API", "API", "{C5CA50A7-5963-49B2-A0A0-37FB8014C016}"
EndProject
Project("{2150E333-8FDC-42A3-9474-1A3956D46DE8}") = "Core", "Core", "{AC4127C6-9848-4AF3-A9D9-0C94FAE4871E}"
EndProject
Project("{2150E333-8FDC-42A3-9474-1A3956D46DE8}") = "Infrastructure", "Infrastructure", "{DDC6AA82-15D7-42AC-BBD0-E6AA309C01EE}"
EndProject
Project("{9A19103F-16F7-4668-BE54-9A1E7A4F7556}") = "Domain", "Domain\Domain.csproj", "{B46FDE8E-2622-41B0-9232-B72BC9B0352A}"
EndProject
Project("{9A19103F-16F7-4668-BE54-9A1E7A4F7556}") = "Application", "Application\Application.csproj", "{A260D66A-12D5-40D1-A115-A1B0DEF96DF1}"
EndProject
Project("{9A19103F-16F7-4668-BE54-9A1E7A4F7556}") = "Persistence", "Persistence\Persistence.csproj", "{58901EAA-C7C1-449C-B2BF-2DC9F021C54A}"
EndProject
Project("{9A19103F-16F7-4668-BE54-9A1E7A4F7556}") = "Api", "Api\Api.csproj", "{E94C52C8-7D5A-4CC0-8C65-9CCC42FF8B33}"
EndProject
Project("{9A19103F-16F7-4668-BE54-9A1E7A4F7556}") = "IdeasSharing.Application.UnitTests", "IdeasSharing.Application.UnitTests\IdeasSharing.Application.UnitTests.csproj", "{1B003488-B69A-4BCA-A124-95F8D7A83892}"
EndProject
Project("{9A19103F-16F7-4668-BE54-9A1E7A4F7556}") = "IdeasSharing.Persistence.IntegrationTests", "IdeasSharingDbContextTests\IdeasSharing.Persistence.IntegrationTests.csproj", "{D622ABBC-B0AB-4EB8-999A-54AAD4C8C63F}"
EndProject
Project("{9A19103F-16F7-4668-BE54-9A1E7A4F7556}") = "IdeasSharing.API.IntegrationTests", "IdeasSharing.API.IntegrationTests\IdeasSharing.API.IntegrationTests.csproj", "{D7134226-1178-43CE-99D6-6A736B6B75C2}"
EndProject
Project("{2150E333-8FDC-42A3-9474-1A3956D46DE8}") = "UI", "UI", "{66CBBAAF-F6B0-4C5D-8D50-885862C60421}"
EndProject
Project("{FAE04EC0-301F-11D3-BF4B-00C04F79EFBC}") = "App", "App\App.csproj", "{96B68AF3-D902-47BE-94D6-A58791ACB0C1}"
EndProject
Global
	GlobalSection(SolutionConfigurationPlatforms) = preSolution
		Debug|Any CPU = Debug|Any CPU
		Release|Any CPU = Release|Any CPU
	EndGlobalSection
	GlobalSection(ProjectConfigurationPlatforms) = postSolution
		{B46FDE8E-2622-41B0-9232-B72BC9B0352A}.Debug|Any CPU.ActiveCfg = Debug|Any CPU
		{B46FDE8E-2622-41B0-9232-B72BC9B0352A}.Debug|Any CPU.Build.0 = Debug|Any CPU
		{B46FDE8E-2622-41B0-9232-B72BC9B0352A}.Release|Any CPU.ActiveCfg = Release|Any CPU
		{B46FDE8E-2622-41B0-9232-B72BC9B0352A}.Release|Any CPU.Build.0 = Release|Any CPU
		{A260D66A-12D5-40D1-A115-A1B0DEF96DF1}.Debug|Any CPU.ActiveCfg = Debug|Any CPU
		{A260D66A-12D5-40D1-A115-A1B0DEF96DF1}.Debug|Any CPU.Build.0 = Debug|Any CPU
		{A260D66A-12D5-40D1-A115-A1B0DEF96DF1}.Release|Any CPU.ActiveCfg = Release|Any CPU
		{A260D66A-12D5-40D1-A115-A1B0DEF96DF1}.Release|Any CPU.Build.0 = Release|Any CPU
		{58901EAA-C7C1-449C-B2BF-2DC9F021C54A}.Debug|Any CPU.ActiveCfg = Debug|Any CPU
		{58901EAA-C7C1-449C-B2BF-2DC9F021C54A}.Debug|Any CPU.Build.0 = Debug|Any CPU
		{58901EAA-C7C1-449C-B2BF-2DC9F021C54A}.Release|Any CPU.ActiveCfg = Release|Any CPU
		{58901EAA-C7C1-449C-B2BF-2DC9F021C54A}.Release|Any CPU.Build.0 = Release|Any CPU
		{E94C52C8-7D5A-4CC0-8C65-9CCC42FF8B33}.Debug|Any CPU.ActiveCfg = Debug|Any CPU
		{E94C52C8-7D5A-4CC0-8C65-9CCC42FF8B33}.Debug|Any CPU.Build.0 = Debug|Any CPU
		{E94C52C8-7D5A-4CC0-8C65-9CCC42FF8B33}.Release|Any CPU.ActiveCfg = Release|Any CPU
		{E94C52C8-7D5A-4CC0-8C65-9CCC42FF8B33}.Release|Any CPU.Build.0 = Release|Any CPU
		{1B003488-B69A-4BCA-A124-95F8D7A83892}.Debug|Any CPU.ActiveCfg = Debug|Any CPU
		{1B003488-B69A-4BCA-A124-95F8D7A83892}.Debug|Any CPU.Build.0 = Debug|Any CPU
		{1B003488-B69A-4BCA-A124-95F8D7A83892}.Release|Any CPU.ActiveCfg = Release|Any CPU
		{1B003488-B69A-4BCA-A124-95F8D7A83892}.Release|Any CPU.Build.0 = Release|Any CPU
		{D622ABBC-B0AB-4EB8-999A-54AAD4C8C63F}.Debug|Any CPU.ActiveCfg = Debug|Any CPU
		{D622ABBC-B0AB-4EB8-999A-54AAD4C8C63F}.Debug|Any CPU.Build.0 = Debug|Any CPU
		{D622ABBC-B0AB-4EB8-999A-54AAD4C8C63F}.Release|Any CPU.ActiveCfg = Release|Any CPU
		{D622ABBC-B0AB-4EB8-999A-54AAD4C8C63F}.Release|Any CPU.Build.0 = Release|Any CPU
		{D7134226-1178-43CE-99D6-6A736B6B75C2}.Debug|Any CPU.ActiveCfg = Debug|Any CPU
		{D7134226-1178-43CE-99D6-6A736B6B75C2}.Debug|Any CPU.Build.0 = Debug|Any CPU
		{D7134226-1178-43CE-99D6-6A736B6B75C2}.Release|Any CPU.ActiveCfg = Release|Any CPU
		{D7134226-1178-43CE-99D6-6A736B6B75C2}.Release|Any CPU.Build.0 = Release|Any CPU
		{96B68AF3-D902-47BE-94D6-A58791ACB0C1}.Debug|Any CPU.ActiveCfg = Debug|Any CPU
		{96B68AF3-D902-47BE-94D6-A58791ACB0C1}.Debug|Any CPU.Build.0 = Debug|Any CPU
		{96B68AF3-D902-47BE-94D6-A58791ACB0C1}.Release|Any CPU.ActiveCfg = Release|Any CPU
		{96B68AF3-D902-47BE-94D6-A58791ACB0C1}.Release|Any CPU.Build.0 = Release|Any CPU
	EndGlobalSection
	GlobalSection(SolutionProperties) = preSolution
		HideSolutionNode = FALSE
	EndGlobalSection
	GlobalSection(NestedProjects) = preSolution
		{C5CA50A7-5963-49B2-A0A0-37FB8014C016} = {EAFF0252-C873-452F-8B72-7D269685598E}
		{AC4127C6-9848-4AF3-A9D9-0C94FAE4871E} = {EAFF0252-C873-452F-8B72-7D269685598E}
		{DDC6AA82-15D7-42AC-BBD0-E6AA309C01EE} = {EAFF0252-C873-452F-8B72-7D269685598E}
		{B46FDE8E-2622-41B0-9232-B72BC9B0352A} = {AC4127C6-9848-4AF3-A9D9-0C94FAE4871E}
		{A260D66A-12D5-40D1-A115-A1B0DEF96DF1} = {AC4127C6-9848-4AF3-A9D9-0C94FAE4871E}
		{58901EAA-C7C1-449C-B2BF-2DC9F021C54A} = {DDC6AA82-15D7-42AC-BBD0-E6AA309C01EE}
		{E94C52C8-7D5A-4CC0-8C65-9CCC42FF8B33} = {C5CA50A7-5963-49B2-A0A0-37FB8014C016}
		{1B003488-B69A-4BCA-A124-95F8D7A83892} = {86CCF867-FBAB-4C72-966B-FC074FBDDF7D}
		{D622ABBC-B0AB-4EB8-999A-54AAD4C8C63F} = {86CCF867-FBAB-4C72-966B-FC074FBDDF7D}
		{D7134226-1178-43CE-99D6-6A736B6B75C2} = {86CCF867-FBAB-4C72-966B-FC074FBDDF7D}
		{66CBBAAF-F6B0-4C5D-8D50-885862C60421} = {EAFF0252-C873-452F-8B72-7D269685598E}
		{96B68AF3-D902-47BE-94D6-A58791ACB0C1} = {66CBBAAF-F6B0-4C5D-8D50-885862C60421}
	EndGlobalSection
	GlobalSection(ExtensibilityGlobals) = postSolution
		SolutionGuid = {8DD02486-A00C-4F1C-A80D-AFFD4CF970C5}
	EndGlobalSection
EndGlobal
